
Microsoft Visual Studio Solution File, Format Version 12.00
# Visual Studio Version 17
VisualStudioVersion = 17.7.34302.85
MinimumVisualStudioVersion = 10.0.40219.1
Project("{FAE04EC0-301F-11D3-BF4B-00C04F79EFBC}") = "NewsParser", "NewsParser.csproj", "{7BD912AA-FDA1-4435-8DF2-0D2D725BB47F}"
EndProject
Global
	GlobalSection(SolutionConfigurationPlatforms) = preSolution
		Debug|Any CPU = Debug|Any CPU
		Release|Any CPU = Release|Any CPU
	EndGlobalSection
	GlobalSection(ProjectConfigurationPlatforms) = postSolution
		{7BD912AA-FDA1-4435-8DF2-0D2D725BB47F}.Debug|Any CPU.ActiveCfg = Debug|Any CPU
		{7BD912AA-FDA1-4435-8DF2-0D2D725BB47F}.Debug|Any CPU.Build.0 = Debug|Any CPU
		{7BD912AA-FDA1-4435-8DF2-0D2D725BB47F}.Release|Any CPU.ActiveCfg = Release|Any CPU
		{7BD912AA-FDA1-4435-8DF2-0D2D725BB47F}.Release|Any CPU.Build.0 = Release|Any CPU
	EndGlobalSection
	GlobalSection(SolutionProperties) = preSolution
		HideSolutionNode = FALSE
	EndGlobalSection
	GlobalSection(ExtensibilityGlobals) = postSolution
		SolutionGuid = {490D5099-9DBF-455B-AD88-1EF0B9BFCB1E}
	EndGlobalSection
EndGlobal
